{
  "name": "revision",
  "version": "1.0.1",
  "lockfileVersion": 2,
  "requires": true,
  "packages": {
    "": {
      "name": "revision",
      "version": "1.0.1",
      "license": "ISC",
      "dependencies": {
        "fs": "^0.0.1-security",
        "pnpm": "^10.15.1"
      }
    },
    "node_modules/fs": {
      "version": "0.0.1-security",
      "resolved": "https://registry.npmjs.org/fs/-/fs-0.0.1-security.tgz",
      "integrity": "sha512-3XY9e1pP0CVEUCdj5BmfIZxRBTSDycnbqhIOGec9QYtmVH2fbLpj86CFWkrNOkt/Fvty4KZG5lTglL9j/gJ87w=="
    },
    "node_modules/pnpm": {
      "version": "10.15.1",
      "resolved": "https://registry.npmjs.org/pnpm/-/pnpm-10.15.1.tgz",
      "integrity": "sha512-NOU4wym1VTAUyo6PRTWZf5YYCh0PYUM5NXRJk1NQ2STiL4YUaCGRJk7DPRRirCFWGv+X9rsYBlNRwWLH6PbeZw==",
      "license": "MIT",
      "bin": {
        "pnpm": "bin/pnpm.cjs",
        "pnpx": "bin/pnpx.cjs"
      },
      "engines": {
        "node": ">=18.12"
      },
      "funding": {
        "url": "https://opencollective.com/pnpm"
      }
    }
  },
  "dependencies": {
    "fs": {
      "version": "0.0.1-security",
      "resolved": "https://registry.npmjs.org/fs/-/fs-0.0.1-security.tgz",
      "integrity": "sha512-3XY9e1pP0CVEUCdj5BmfIZxRBTSDycnbqhIOGec9QYtmVH2fbLpj86CFWkrNOkt/Fvty4KZG5lTglL9j/gJ87w=="
    },
    "pnpm": {
      "version": "10.15.1",
      "resolved": "https://registry.npmjs.org/pnpm/-/pnpm-10.15.1.tgz",
      "integrity": "sha512-NOU4wym1VTAUyo6PRTWZf5YYCh0PYUM5NXRJk1NQ2STiL4YUaCGRJk7DPRRirCFWGv+X9rsYBlNRwWLH6PbeZw=="
    }
  }
}
